<?xml version="1.0" encoding="utf-8"?>
<Project ToolsVersion="4.0" xmlns="http://schemas.microsoft.com/developer/msbuild/2003">
  <ItemGroup>
    <Filter Include="Source Files">
      <UniqueIdentifier>{4FC737F1-C7A5-4376-A066-2A32D752A2FF}</UniqueIdentifier>
      <Extensions>cpp;c;cc;cxx;def;odl;idl;hpj;bat;asm;asmx</Extensions>
    </Filter>
    <Filter Include="Header Files">
      <UniqueIdentifier>{93995380-89BD-4b04-88EB-625FBE52EBFB}</UniqueIdentifier>
      <Extensions>h;hh;hpp;hxx;hm;inl;inc;xsd</Extensions>
    </Filter>
    <Filter Include="Resource Files">
      <UniqueIdentifier>{67DA6AB6-F800-4c08-8B7A-83BB121AAD01}</UniqueIdentifier>
      <Extensions>rc;ico;cur;bmp;dlg;rc2;rct;bin;rgs;gif;jpg;jpeg;jpe;resx;tiff;tif;png;wav;mfcribbon-ms</Extensions>
    </Filter>
    <Filter Include="Header Files\memory">
      <UniqueIdentifier>{c5a23bcf-4f14-4ddc-8336-f16d483c24f3}</UniqueIdentifier>
    </Filter>
    <Filter Include="Source Files\memory">
      <UniqueIdentifier>{3a549e1b-891b-4e30-9283-302f71f06d84}</UniqueIdentifier>
    </Filter>
    <Filter Include="Header Files\memory\inl">
      <UniqueIdentifier>{ad5cc6b1-4977-46d2-8be3-56810a245888}</UniqueIdentifier>
    </Filter>
    <Filter Include="Header Files\renderer">
      <UniqueIdentifier>{60e07b9a-6940-461c-932d-f6519d80d029}</UniqueIdentifier>
    </Filter>
    <Filter Include="Source Files\renderer">
      <UniqueIdentifier>{48e39e4c-bc7e-471b-adbc-b2bdeb59e600}</UniqueIdentifier>
    </Filter>
    <Filter Include="Header Files\res">
      <UniqueIdentifier>{5b03c9d3-5cb2-46e0-a3d9-63e419ad9766}</UniqueIdentifier>
    </Filter>
    <Filter Include="Header Files\core">
      <UniqueIdentifier>{397d79de-d5e0-4fdf-9918-f51f11a1acc1}</UniqueIdentifier>
    </Filter>
    <Filter Include="Header Files\core\string">
      <UniqueIdentifier>{80b50965-b9f7-4217-9ddf-19eff465eac5}</UniqueIdentifier>
    </Filter>
    <Filter Include="Header Files\container">
      <UniqueIdentifier>{c739b734-51cd-4245-bff6-b985e1a6fb1c}</UniqueIdentifier>
    </Filter>
  </ItemGroup>
  <ItemGroup>
    <ClInclude Include="include\moti\macros.h">
      <Filter>Header Files</Filter>
    </ClInclude>
    <ClInclude Include="include\moti\platform.h">
      <Filter>Header Files</Filter>
    </ClInclude>
    <ClInclude Include="include\moti\moti.h">
      <Filter>Header Files</Filter>
    </ClInclude>
    <ClInclude Include="include\moti\memory\stack_allocator.h">
      <Filter>Header Files\memory</Filter>
    </ClInclude>
    <ClInclude Include="include\moti\memory\block.h">
      <Filter>Header Files\memory</Filter>
    </ClInclude>
    <ClInclude Include="include\moti\debug.h">
      <Filter>Header Files</Filter>
    </ClInclude>
    <ClInclude Include="include\moti\renderer\renderer_gl.h">
      <Filter>Header Files\renderer</Filter>
    </ClInclude>
    <ClInclude Include="include\moti\renderer\gl_context.h">
      <Filter>Header Files\renderer</Filter>
    </ClInclude>
    <ClInclude Include="include\moti\renderer\graphics_device.h">
      <Filter>Header Files\renderer</Filter>
    </ClInclude>
    <ClInclude Include="include\moti\renderer\renderer_context.h">
      <Filter>Header Files\renderer</Filter>
    </ClInclude>
    <ClInclude Include="include\moti\res\resource_manager.h">
      <Filter>Header Files\res</Filter>
    </ClInclude>
    <ClInclude Include="include\moti\core\string\fixed_string.h">
      <Filter>Header Files\core\string</Filter>
    </ClInclude>
    <ClInclude Include="include\moti\core\container\array.h">
      <Filter>Header Files\container</Filter>
    </ClInclude>
    <ClInclude Include="include\moti\memory\allocator.h">
      <Filter>Header Files\memory</Filter>
    </ClInclude>
    <ClInclude Include="include\moti\core\string\dynamic_string.h">
      <Filter>Header Files\core\string</Filter>
    </ClInclude>
    <ClInclude Include="include\moti\core\string\string_util.h">
      <Filter>Header Files\core\string</Filter>
    </ClInclude>
  </ItemGroup>
  <ItemGroup>
    <ClCompile Include="src\memory\block.cpp">
      <Filter>Source Files\memory</Filter>
    </ClCompile>
    <ClCompile Include="src\moti.cpp">
      <Filter>Source Files</Filter>
    </ClCompile>
    <ClCompile Include="src\renderer\gl_context.cpp">
      <Filter>Source Files\renderer</Filter>
    </ClCompile>
    <ClCompile Include="src\renderer\graphics_device.cpp">
      <Filter>Source Files\renderer</Filter>
    </ClCompile>
    <ClCompile Include="src\renderer\renderer_gl.cpp">
      <Filter>Source Files\renderer</Filter>
    </ClCompile>
  </ItemGroup>
  <ItemGroup>
    <None Include="include\moti\memory\inl\stack_allocator.inl">
      <Filter>Header Files\memory\inl</Filter>
    </None>
  </ItemGroup>
</Project>